[root]
name = "vga"
version = "0.1.0"

[[package]]
name = "intermezzos"
version = "0.1.0"
dependencies = [
 "rlibc 1.0.0 (registry+https://github.com/rust-lang/crates.io-index)",
 "spin 0.4.4 (registry+https://github.com/rust-lang/crates.io-index)",
 "vga 0.1.0",
]

[[package]]
name = "rlibc"
version = "1.0.0"
source = "registry+https://github.com/rust-lang/crates.io-index"

[[package]]
name = "spin"
version = "0.4.4"
source = "registry+https://github.com/rust-lang/crates.io-index"

[metadata]
"checksum rlibc 1.0.0 (registry+https://github.com/rust-lang/crates.io-index)" = "fc874b127765f014d792f16763a81245ab80500e2ad921ed4ee9e82481ee08fe"
"checksum spin 0.4.4 (registry+https://github.com/rust-lang/crates.io-index)" = "f0f7035cd2694c317f8ff90efb00feb9e7268febbf6e9b28a8d16da8eb202493"
