[root]
name = "nucleus"
version = "0.1.0"
dependencies = [
 "rlibc 0.1.4 (registry+https://github.com/rust-lang/crates.io-index)",
 "vga 0.1.0",
]

[[package]]
name = "rlibc"
version = "0.1.4"
source = "registry+https://github.com/rust-lang/crates.io-index"

[[package]]
name = "spin"
version = "0.3.4"
source = "registry+https://github.com/rust-lang/crates.io-index"

[[package]]
name = "vga"
version = "0.1.0"
dependencies = [
 "rlibc 0.1.4 (registry+https://github.com/rust-lang/crates.io-index)",
 "spin 0.3.4 (registry+https://github.com/rust-lang/crates.io-index)",
]

